// !$*UTF8*$!
{
	archiveVersion = 1;
	classes = {
	};
	objectVersion = 50;
	objects = {

/* Begin PBXBuildFile section */
		4D61C6CC27478A36007628C4 /* qsort.c in Sources */ = {isa = PBXBuildFile; fileRef = 4D61C6CB27478A36007628C4 /* qsort.c */; };
		4DA2E1C8274519D30008DB06 /* calculator.c in Sources */ = {isa = PBXBuildFile; fileRef = 4DA2E1C7274519D30008DB06 /* calculator.c */; };
		4DC5CE562747762700949F0A /* math equation 1.c in Sources */ = {isa = PBXBuildFile; fileRef = 4DC5CE552747762700949F0A /* math equation 1.c */; };
		4DC5CE592747817800949F0A /* mile to kilometer.c in Sources */ = {isa = PBXBuildFile; fileRef = 4DC5CE582747817800949F0A /* mile to kilometer.c */; };
/* End PBXBuildFile section */

/* Begin PBXCopyFilesBuildPhase section */
		4DA2E1C2274519D30008DB06 /* CopyFiles */ = {
			isa = PBXCopyFilesBuildPhase;
			buildActionMask = 2147483647;
			dstPath = /usr/share/man/man1/;
			dstSubfolderSpec = 0;
			files = (
			);
			runOnlyForDeploymentPostprocessing = 1;
		};
/* End PBXCopyFilesBuildPhase section */

/* Begin PBXFileReference section */
		4D61C6CB27478A36007628C4 /* qsort.c */ = {isa = PBXFileReference; lastKnownFileType = sourcecode.c.c; path = qsort.c; sourceTree = "<group>"; };
		4DA2E1C4274519D30008DB06 /* week 12 */ = {isa = PBXFileReference; explicitFileType = "compiled.mach-o.executable"; includeInIndex = 0; path = "week 12"; sourceTree = BUILT_PRODUCTS_DIR; };
		4DA2E1C7274519D30008DB06 /* calculator.c */ = {isa = PBXFileReference; lastKnownFileType = sourcecode.c.c; path = calculator.c; sourceTree = "<group>"; };
		4DC5CE552747762700949F0A /* math equation 1.c */ = {isa = PBXFileReference; lastKnownFileType = sourcecode.c.c; path = "math equation 1.c"; sourceTree = "<group>"; };
		4DC5CE582747817800949F0A /* mile to kilometer.c */ = {isa = PBXFileReference; lastKnownFileType = sourcecode.c.c; path = "mile to kilometer.c"; sourceTree = "<group>"; };
/* End PBXFileReference section */

/* Begin PBXFrameworksBuildPhase section */
		4DA2E1C1274519D30008DB06 /* Frameworks */ = {
			isa = PBXFrameworksBuildPhase;
			buildActionMask = 2147483647;
			files = (
			);
			runOnlyForDeploymentPostprocessing = 0;
		};
/* End PBXFrameworksBuildPhase section */

/* Begin PBXGroup section */
		4DA2E1BB274519D30008DB06 = {
			isa = PBXGroup;
			children = (
				4DA2E1C6274519D30008DB06 /* week 12 */,
				4DA2E1C5274519D30008DB06 /* Products */,
			);
			sourceTree = "<group>";
		};
		4DA2E1C5274519D30008DB06 /* Products */ = {
			isa = PBXGroup;
			children = (
				4DA2E1C4274519D30008DB06 /* week 12 */,
			);
			name = Products;
			sourceTree = "<group>";
		};
		4DA2E1C6274519D30008DB06 /* week 12 */ = {
			isa = PBXGroup;
			children = (
				4DA2E1C7274519D30008DB06 /* calculator.c */,
				4DC5CE552747762700949F0A /* math equation 1.c */,
				4DC5CE582747817800949F0A /* mile to kilometer.c */,
				4D61C6CB27478A36007628C4 /* qsort.c */,
			);
			path = "week 12";
			sourceTree = "<group>";
		};
/* End PBXGroup section */

/* Begin PBXNativeTarget section */
		4DA2E1C3274519D30008DB06 /* week 12 */ = {
			isa = PBXNativeTarget;
			buildConfigurationList = 4DA2E1CB274519D30008DB06 /* Build configuration list for PBXNativeTarget "week 12" */;
			buildPhases = (
				4DA2E1C0274519D30008DB06 /* Sources */,
				4DA2E1C1274519D30008DB06 /* Frameworks */,
				4DA2E1C2274519D30008DB06 /* CopyFiles */,
			);
			buildRules = (
			);
			dependencies = (
			);
			name = "week 12";
			productName = "week 12";
			productReference = 4DA2E1C4274519D30008DB06 /* week 12 */;
			productType = "com.apple.product-type.tool";
		};
/* End PBXNativeTarget section */

/* Begin PBXProject section */
		4DA2E1BC274519D30008DB06 /* Project object */ = {
			isa = PBXProject;
			attributes = {
				LastUpgradeCheck = 1250;
				TargetAttributes = {
					4DA2E1C3274519D30008DB06 = {
						CreatedOnToolsVersion = 12.5.1;
					};
				};
			};
			buildConfigurationList = 4DA2E1BF274519D30008DB06 /* Build configuration list for PBXProject "week 12" */;
			compatibilityVersion = "Xcode 9.3";
			developmentRegion = en;
			hasScannedForEncodings = 0;
			knownRegions = (
				en,
				Base,
			);
			mainGroup = 4DA2E1BB274519D30008DB06;
			productRefGroup = 4DA2E1C5274519D30008DB06 /* Products */;
			projectDirPath = "";
			projectRoot = "";
			targets = (
				4DA2E1C3274519D30008DB06 /* week 12 */,
			);
		};
/* End PBXProject section */

/* Begin PBXSourcesBuildPhase section */
		4DA2E1C0274519D30008DB06 /* Sources */ = {
			isa = PBXSourcesBuildPhase;
			buildActionMask = 2147483647;
			files = (
				4DA2E1C8274519D30008DB06 /* calculator.c in Sources */,
				4D61C6CC27478A36007628C4 /* qsort.c in Sources */,
				4DC5CE562747762700949F0A /* math equation 1.c in Sources */,
				4DC5CE592747817800949F0A /* mile to kilometer.c in Sources */,
			);
			runOnlyForDeploymentPostprocessing = 0;
		};
/* End PBXSourcesBuildPhase section */

/* Begin XCBuildConfiguration section */
		4DA2E1C9274519D30008DB06 /* Debug */ = {
			isa = XCBuildConfiguration;
			buildSettings = {
				ALWAYS_SEARCH_USER_PATHS = NO;
				CLANG_ANALYZER_NONNULL = YES;
				CLANG_ANALYZER_NUMBER_OBJECT_CONVERSION = YES_AGGRESSIVE;
				CLANG_CXX_LANGUAGE_STANDARD = "gnu++14";
				CLANG_CXX_LIBRARY = "libc++";
				CLANG_ENABLE_MODULES = YES;
				CLANG_ENABLE_OBJC_ARC = YES;
				CLANG_ENABLE_OBJC_WEAK = YES;
				CLANG_WARN_BLOCK_CAPTURE_AUTORELEASING = YES;
				CLANG_WARN_BOOL_CONVERSION = YES;
				CLANG_WARN_COMMA = YES;
				CLANG_WARN_CONSTANT_CONVERSION = YES;
				CLANG_WARN_DEPRECATED_OBJC_IMPLEMENTATIONS = YES;
				CLANG_WARN_DIRECT_OBJC_ISA_USAGE = YES_ERROR;
				CLANG_WARN_DOCUMENTATION_COMMENTS = YES;
				CLANG_WARN_EMPTY_BODY = YES;
				CLANG_WARN_ENUM_CONVERSION = YES;
				CLANG_WARN_INFINITE_RECURSION = YES;
				CLANG_WARN_INT_CONVERSION = YES;
				CLANG_WARN_NON_LITERAL_NULL_CONVERSION = YES;
				CLANG_WARN_OBJC_IMPLICIT_RETAIN_SELF = YES;
				CLANG_WARN_OBJC_LITERAL_CONVERSION = YES;
				CLANG_WARN_OBJC_ROOT_CLASS = YES_ERROR;
				CLANG_WARN_QUOTED_INCLUDE_IN_FRAMEWORK_HEADER = YES;
				CLANG_WARN_RANGE_LOOP_ANALYSIS = YES;
				CLANG_WARN_STRICT_PROTOTYPES = YES;
				CLANG_WARN_SUSPICIOUS_MOVE = YES;
				CLANG_WARN_UNGUARDED_AVAILABILITY = YES_AGGRESSIVE;
				CLANG_WARN_UNREACHABLE_CODE = YES;
				CLANG_WARN__DUPLICATE_METHOD_MATCH = YES;
				COPY_PHASE_STRIP = NO;
				DEBUG_INFORMATION_FORMAT = dwarf;
				ENABLE_STRICT_OBJC_MSGSEND = YES;
				ENABLE_TESTABILITY = YES;
				GCC_C_LANGUAGE_STANDARD = gnu11;
				GCC_DYNAMIC_NO_PIC = NO;
				GCC_NO_COMMON_BLOCKS = YES;
				GCC_OPTIMIZATION_LEVEL = 0;
				GCC_PREPROCESSOR_DEFINITIONS = (
					"DEBUG=1",
					"$(inherited)",
				);
				GCC_WARN_64_TO_32_BIT_CONVERSION = YES;
				GCC_WARN_ABOUT_RETURN_TYPE = YES_ERROR;
				GCC_WARN_UNDECLARED_SELECTOR = YES;
				GCC_WARN_UNINITIALIZED_AUTOS = YES_AGGRESSIVE;
				GCC_WARN_UNUSED_FUNCTION = YES;
				GCC_WARN_UNUSED_VARIABLE = YES;
				MACOSX_DEPLOYMENT_TARGET = 11.3;
				MTL_ENABLE_DEBUG_INFO = INCLUDE_SOURCE;
				MTL_FAST_MATH = YES;
				ONLY_ACTIVE_ARCH = YES;
				SDKROOT = macosx;
			};
			name = Debug;
		};
		4DA2E1CA274519D30008DB06 /* Release */ = {
			isa = XCBuildConfiguration;
			buildSettings = {
				ALWAYS_SEARCH_USER_PATHS = NO;
				CLANG_ANALYZER_NONNULL = YES;
				CLANG_ANALYZER_NUMBER_OBJECT_CONVERSION = YES_AGGRESSIVE;
				CLANG_CXX_LANGUAGE_STANDARD = "gnu++14";
				CLANG_CXX_LIBRARY = "libc++";
				CLANG_ENABLE_MODULES = YES;
				CLANG_ENABLE_OBJC_ARC = YES;
				CLANG_ENABLE_OBJC_WEAK = YES;
				CLANG_WARN_BLOCK_CAPTURE_AUTORELEASING = YES;
				CLANG_WARN_BOOL_CONVERSION = YES;
				CLANG_WARN_COMMA = YES;
				CLANG_WARN_CONSTANT_CONVERSION = YES;
				CLANG_WARN_DEPRECATED_OBJC_IMPLEMENTATIONS = YES;
				CLANG_WARN_DIRECT_OBJC_ISA_USAGE = YES_ERROR;
				CLANG_WARN_DOCUMENTATION_COMMENTS = YES;
				CLANG_WARN_EMPTY_BODY = YES;
				CLANG_WARN_ENUM_CONVERSION = YES;
				CLANG_WARN_INFINITE_RECURSION = YES;
				CLANG_WARN_INT_CONVERSION = YES;
				CLANG_WARN_NON_LITERAL_NULL_CONVERSION = YES;
				CLANG_WARN_OBJC_IMPLICIT_RETAIN_SELF = YES;
				CLANG_WARN_OBJC_LITERAL_CONVERSION = YES;
				CLANG_WARN_OBJC_ROOT_CLASS = YES_ERROR;
				CLANG_WARN_QUOTED_INCLUDE_IN_FRAMEWORK_HEADER = YES;
				CLANG_WARN_RANGE_LOOP_ANALYSIS = YES;
				CLANG_WARN_STRICT_PROTOTYPES = YES;
				CLANG_WARN_SUSPICIOUS_MOVE = YES;
				CLANG_WARN_UNGUARDED_AVAILABILITY = YES_AGGRESSIVE;
				CLANG_WARN_UNREACHABLE_CODE = YES;
				CLANG_WARN__DUPLICATE_METHOD_MATCH = YES;
				COPY_PHASE_STRIP = NO;
				DEBUG_INFORMATION_FORMAT = "dwarf-with-dsym";
				ENABLE_NS_ASSERTIONS = NO;
				ENABLE_STRICT_OBJC_MSGSEND = YES;
				GCC_C_LANGUAGE_STANDARD = gnu11;
				GCC_NO_COMMON_BLOCKS = YES;
				GCC_WARN_64_TO_32_BIT_CONVERSION = YES;
				GCC_WARN_ABOUT_RETURN_TYPE = YES_ERROR;
				GCC_WARN_UNDECLARED_SELECTOR = YES;
				GCC_WARN_UNINITIALIZED_AUTOS = YES_AGGRESSIVE;
				GCC_WARN_UNUSED_FUNCTION = YES;
				GCC_WARN_UNUSED_VARIABLE = YES;
				MACOSX_DEPLOYMENT_TARGET = 11.3;
				MTL_ENABLE_DEBUG_INFO = NO;
				MTL_FAST_MATH = YES;
				SDKROOT = macosx;
			};
			name = Release;
		};
		4DA2E1CC274519D30008DB06 /* Debug */ = {
			isa = XCBuildConfiguration;
			buildSettings = {
				CODE_SIGN_STYLE = Automatic;
				DEVELOPMENT_TEAM = T24N5ZR2DS;
				ENABLE_HARDENED_RUNTIME = YES;
				PRODUCT_NAME = "$(TARGET_NAME)";
			};
			name = Debug;
		};
		4DA2E1CD274519D30008DB06 /* Release */ = {
			isa = XCBuildConfiguration;
			buildSettings = {
				CODE_SIGN_STYLE = Automatic;
				DEVELOPMENT_TEAM = T24N5ZR2DS;
				ENABLE_HARDENED_RUNTIME = YES;
				PRODUCT_NAME = "$(TARGET_NAME)";
			};
			name = Release;
		};
/* End XCBuildConfiguration section */

/* Begin XCConfigurationList section */
		4DA2E1BF274519D30008DB06 /* Build configuration list for PBXProject "week 12" */ = {
			isa = XCConfigurationList;
			buildConfigurations = (
				4DA2E1C9274519D30008DB06 /* Debug */,
				4DA2E1CA274519D30008DB06 /* Release */,
			);
			defaultConfigurationIsVisible = 0;
			defaultConfigurationName = Release;
		};
		4DA2E1CB274519D30008DB06 /* Build configuration list for PBXNativeTarget "week 12" */ = {
			isa = XCConfigurationList;
			buildConfigurations = (
				4DA2E1CC274519D30008DB06 /* Debug */,
				4DA2E1CD274519D30008DB06 /* Release */,
			);
			defaultConfigurationIsVisible = 0;
			defaultConfigurationName = Release;
		};
/* End XCConfigurationList section */
	};
	rootObject = 4DA2E1BC274519D30008DB06 /* Project object */;
}
