// !$*UTF8*$!
{
	archiveVersion = 1;
	classes = {
	};
	objectVersion = 50;
	objects = {

/* Begin PBXBuildFile section */
		4DBD2D3D272918C00093323C /* 6.c in Sources */ = {isa = PBXBuildFile; fileRef = 4DBD2D3C272918C00093323C /* 6.c */; };
		4DBD2D4027291A110093323C /* 5a.c in Sources */ = {isa = PBXBuildFile; fileRef = 4DBD2D3F27291A110093323C /* 5a.c */; };
		4DBD2D4627297AC40093323C /* 5b.c in Sources */ = {isa = PBXBuildFile; fileRef = 4DBD2D4527297AC40093323C /* 5b.c */; };
		4DBD2D4927298DF70093323C /* 7.c in Sources */ = {isa = PBXBuildFile; fileRef = 4DBD2D4827298DF70093323C /* 7.c */; };
		4DBD2D4C2729B1780093323C /* combination of alphabets.c in Sources */ = {isa = PBXBuildFile; fileRef = 4DBD2D4B2729B1780093323C /* combination of alphabets.c */; };
		4DBD2D4F272A600A0093323C /* prime checker.c in Sources */ = {isa = PBXBuildFile; fileRef = 4DBD2D4E272A600A0093323C /* prime checker.c */; };
		4DBD2D52272BCE3A0093323C /* euclidean algorithm.c in Sources */ = {isa = PBXBuildFile; fileRef = 4DBD2D51272BCE3A0093323C /* euclidean algorithm.c */; };
		4DBD2D55272D2AFE0093323C /* bigger prime number finder.c in Sources */ = {isa = PBXBuildFile; fileRef = 4DBD2D54272D2AFE0093323C /* bigger prime number finder.c */; };
		4DE05F7E27282D40002D3201 /* 4.c in Sources */ = {isa = PBXBuildFile; fileRef = 4DE05F7D27282D40002D3201 /* 4.c */; };
/* End PBXBuildFile section */

/* Begin PBXCopyFilesBuildPhase section */
		4DE05F7827282D40002D3201 /* CopyFiles */ = {
			isa = PBXCopyFilesBuildPhase;
			buildActionMask = 2147483647;
			dstPath = /usr/share/man/man1/;
			dstSubfolderSpec = 0;
			files = (
			);
			runOnlyForDeploymentPostprocessing = 1;
		};
/* End PBXCopyFilesBuildPhase section */

/* Begin PBXFileReference section */
		4DBD2D3C272918C00093323C /* 6.c */ = {isa = PBXFileReference; lastKnownFileType = sourcecode.c.c; path = 6.c; sourceTree = "<group>"; };
		4DBD2D3F27291A110093323C /* 5a.c */ = {isa = PBXFileReference; lastKnownFileType = sourcecode.c.c; path = 5a.c; sourceTree = "<group>"; };
		4DBD2D4527297AC40093323C /* 5b.c */ = {isa = PBXFileReference; lastKnownFileType = sourcecode.c.c; path = 5b.c; sourceTree = "<group>"; };
		4DBD2D4827298DF70093323C /* 7.c */ = {isa = PBXFileReference; lastKnownFileType = sourcecode.c.c; path = 7.c; sourceTree = "<group>"; };
		4DBD2D4B2729B1780093323C /* combination of alphabets.c */ = {isa = PBXFileReference; lastKnownFileType = sourcecode.c.c; path = "combination of alphabets.c"; sourceTree = "<group>"; };
		4DBD2D4E272A600A0093323C /* prime checker.c */ = {isa = PBXFileReference; lastKnownFileType = sourcecode.c.c; path = "prime checker.c"; sourceTree = "<group>"; };
		4DBD2D51272BCE3A0093323C /* euclidean algorithm.c */ = {isa = PBXFileReference; lastKnownFileType = sourcecode.c.c; path = "euclidean algorithm.c"; sourceTree = "<group>"; };
		4DBD2D54272D2AFE0093323C /* bigger prime number finder.c */ = {isa = PBXFileReference; lastKnownFileType = sourcecode.c.c; path = "bigger prime number finder.c"; sourceTree = "<group>"; };
		4DE05F7A27282D40002D3201 /* week 9 */ = {isa = PBXFileReference; explicitFileType = "compiled.mach-o.executable"; includeInIndex = 0; path = "week 9"; sourceTree = BUILT_PRODUCTS_DIR; };
		4DE05F7D27282D40002D3201 /* 4.c */ = {isa = PBXFileReference; lastKnownFileType = sourcecode.c.c; path = 4.c; sourceTree = "<group>"; };
/* End PBXFileReference section */

/* Begin PBXFrameworksBuildPhase section */
		4DE05F7727282D40002D3201 /* Frameworks */ = {
			isa = PBXFrameworksBuildPhase;
			buildActionMask = 2147483647;
			files = (
			);
			runOnlyForDeploymentPostprocessing = 0;
		};
/* End PBXFrameworksBuildPhase section */

/* Begin PBXGroup section */
		4DE05F7127282D40002D3201 = {
			isa = PBXGroup;
			children = (
				4DE05F7C27282D40002D3201 /* week 9 */,
				4DE05F7B27282D40002D3201 /* Products */,
			);
			sourceTree = "<group>";
		};
		4DE05F7B27282D40002D3201 /* Products */ = {
			isa = PBXGroup;
			children = (
				4DE05F7A27282D40002D3201 /* week 9 */,
			);
			name = Products;
			sourceTree = "<group>";
		};
		4DE05F7C27282D40002D3201 /* week 9 */ = {
			isa = PBXGroup;
			children = (
				4DE05F7D27282D40002D3201 /* 4.c */,
				4DBD2D3F27291A110093323C /* 5a.c */,
				4DBD2D4527297AC40093323C /* 5b.c */,
				4DBD2D3C272918C00093323C /* 6.c */,
				4DBD2D4827298DF70093323C /* 7.c */,
				4DBD2D4B2729B1780093323C /* combination of alphabets.c */,
				4DBD2D4E272A600A0093323C /* prime checker.c */,
				4DBD2D51272BCE3A0093323C /* euclidean algorithm.c */,
				4DBD2D54272D2AFE0093323C /* bigger prime number finder.c */,
			);
			path = "week 9";
			sourceTree = "<group>";
		};
/* End PBXGroup section */

/* Begin PBXNativeTarget section */
		4DE05F7927282D40002D3201 /* week 9 */ = {
			isa = PBXNativeTarget;
			buildConfigurationList = 4DE05F8127282D40002D3201 /* Build configuration list for PBXNativeTarget "week 9" */;
			buildPhases = (
				4DE05F7627282D40002D3201 /* Sources */,
				4DE05F7727282D40002D3201 /* Frameworks */,
				4DE05F7827282D40002D3201 /* CopyFiles */,
			);
			buildRules = (
			);
			dependencies = (
			);
			name = "week 9";
			productName = "week 9";
			productReference = 4DE05F7A27282D40002D3201 /* week 9 */;
			productType = "com.apple.product-type.tool";
		};
/* End PBXNativeTarget section */

/* Begin PBXProject section */
		4DE05F7227282D40002D3201 /* Project object */ = {
			isa = PBXProject;
			attributes = {
				LastUpgradeCheck = 1250;
				TargetAttributes = {
					4DE05F7927282D40002D3201 = {
						CreatedOnToolsVersion = 12.5.1;
					};
				};
			};
			buildConfigurationList = 4DE05F7527282D40002D3201 /* Build configuration list for PBXProject "week 9" */;
			compatibilityVersion = "Xcode 9.3";
			developmentRegion = en;
			hasScannedForEncodings = 0;
			knownRegions = (
				en,
				Base,
			);
			mainGroup = 4DE05F7127282D40002D3201;
			productRefGroup = 4DE05F7B27282D40002D3201 /* Products */;
			projectDirPath = "";
			projectRoot = "";
			targets = (
				4DE05F7927282D40002D3201 /* week 9 */,
			);
		};
/* End PBXProject section */

/* Begin PBXSourcesBuildPhase section */
		4DE05F7627282D40002D3201 /* Sources */ = {
			isa = PBXSourcesBuildPhase;
			buildActionMask = 2147483647;
			files = (
				4DBD2D55272D2AFE0093323C /* bigger prime number finder.c in Sources */,
				4DBD2D4927298DF70093323C /* 7.c in Sources */,
				4DBD2D4C2729B1780093323C /* combination of alphabets.c in Sources */,
				4DBD2D4F272A600A0093323C /* prime checker.c in Sources */,
				4DBD2D4627297AC40093323C /* 5b.c in Sources */,
				4DBD2D3D272918C00093323C /* 6.c in Sources */,
				4DE05F7E27282D40002D3201 /* 4.c in Sources */,
				4DBD2D4027291A110093323C /* 5a.c in Sources */,
				4DBD2D52272BCE3A0093323C /* euclidean algorithm.c in Sources */,
			);
			runOnlyForDeploymentPostprocessing = 0;
		};
/* End PBXSourcesBuildPhase section */

/* Begin XCBuildConfiguration section */
		4DE05F7F27282D40002D3201 /* Debug */ = {
			isa = XCBuildConfiguration;
			buildSettings = {
				ALWAYS_SEARCH_USER_PATHS = NO;
				CLANG_ANALYZER_NONNULL = YES;
				CLANG_ANALYZER_NUMBER_OBJECT_CONVERSION = YES_AGGRESSIVE;
				CLANG_CXX_LANGUAGE_STANDARD = "gnu++14";
				CLANG_CXX_LIBRARY = "libc++";
				CLANG_ENABLE_MODULES = YES;
				CLANG_ENABLE_OBJC_ARC = YES;
				CLANG_ENABLE_OBJC_WEAK = YES;
				CLANG_WARN_BLOCK_CAPTURE_AUTORELEASING = YES;
				CLANG_WARN_BOOL_CONVERSION = YES;
				CLANG_WARN_COMMA = YES;
				CLANG_WARN_CONSTANT_CONVERSION = YES;
				CLANG_WARN_DEPRECATED_OBJC_IMPLEMENTATIONS = YES;
				CLANG_WARN_DIRECT_OBJC_ISA_USAGE = YES_ERROR;
				CLANG_WARN_DOCUMENTATION_COMMENTS = YES;
				CLANG_WARN_EMPTY_BODY = YES;
				CLANG_WARN_ENUM_CONVERSION = YES;
				CLANG_WARN_INFINITE_RECURSION = YES;
				CLANG_WARN_INT_CONVERSION = YES;
				CLANG_WARN_NON_LITERAL_NULL_CONVERSION = YES;
				CLANG_WARN_OBJC_IMPLICIT_RETAIN_SELF = YES;
				CLANG_WARN_OBJC_LITERAL_CONVERSION = YES;
				CLANG_WARN_OBJC_ROOT_CLASS = YES_ERROR;
				CLANG_WARN_QUOTED_INCLUDE_IN_FRAMEWORK_HEADER = YES;
				CLANG_WARN_RANGE_LOOP_ANALYSIS = YES;
				CLANG_WARN_STRICT_PROTOTYPES = YES;
				CLANG_WARN_SUSPICIOUS_MOVE = YES;
				CLANG_WARN_UNGUARDED_AVAILABILITY = YES_AGGRESSIVE;
				CLANG_WARN_UNREACHABLE_CODE = YES;
				CLANG_WARN__DUPLICATE_METHOD_MATCH = YES;
				COPY_PHASE_STRIP = NO;
				DEBUG_INFORMATION_FORMAT = dwarf;
				ENABLE_STRICT_OBJC_MSGSEND = YES;
				ENABLE_TESTABILITY = YES;
				GCC_C_LANGUAGE_STANDARD = gnu11;
				GCC_DYNAMIC_NO_PIC = NO;
				GCC_NO_COMMON_BLOCKS = NO;
				GCC_OPTIMIZATION_LEVEL = 0;
				GCC_PREPROCESSOR_DEFINITIONS = (
					"DEBUG=1",
					"$(inherited)",
				);
				GCC_WARN_64_TO_32_BIT_CONVERSION = YES;
				GCC_WARN_ABOUT_RETURN_TYPE = YES_ERROR;
				GCC_WARN_UNDECLARED_SELECTOR = YES;
				GCC_WARN_UNINITIALIZED_AUTOS = YES_AGGRESSIVE;
				GCC_WARN_UNUSED_FUNCTION = YES;
				GCC_WARN_UNUSED_VARIABLE = YES;
				MACOSX_DEPLOYMENT_TARGET = 11.3;
				MTL_ENABLE_DEBUG_INFO = INCLUDE_SOURCE;
				MTL_FAST_MATH = YES;
				ONLY_ACTIVE_ARCH = YES;
				OTHER_LDFLAGS = "-C";
				SDKROOT = macosx;
			};
			name = Debug;
		};
		4DE05F8027282D40002D3201 /* Release */ = {
			isa = XCBuildConfiguration;
			buildSettings = {
				ALWAYS_SEARCH_USER_PATHS = NO;
				CLANG_ANALYZER_NONNULL = YES;
				CLANG_ANALYZER_NUMBER_OBJECT_CONVERSION = YES_AGGRESSIVE;
				CLANG_CXX_LANGUAGE_STANDARD = "gnu++14";
				CLANG_CXX_LIBRARY = "libc++";
				CLANG_ENABLE_MODULES = YES;
				CLANG_ENABLE_OBJC_ARC = YES;
				CLANG_ENABLE_OBJC_WEAK = YES;
				CLANG_WARN_BLOCK_CAPTURE_AUTORELEASING = YES;
				CLANG_WARN_BOOL_CONVERSION = YES;
				CLANG_WARN_COMMA = YES;
				CLANG_WARN_CONSTANT_CONVERSION = YES;
				CLANG_WARN_DEPRECATED_OBJC_IMPLEMENTATIONS = YES;
				CLANG_WARN_DIRECT_OBJC_ISA_USAGE = YES_ERROR;
				CLANG_WARN_DOCUMENTATION_COMMENTS = YES;
				CLANG_WARN_EMPTY_BODY = YES;
				CLANG_WARN_ENUM_CONVERSION = YES;
				CLANG_WARN_INFINITE_RECURSION = YES;
				CLANG_WARN_INT_CONVERSION = YES;
				CLANG_WARN_NON_LITERAL_NULL_CONVERSION = YES;
				CLANG_WARN_OBJC_IMPLICIT_RETAIN_SELF = YES;
				CLANG_WARN_OBJC_LITERAL_CONVERSION = YES;
				CLANG_WARN_OBJC_ROOT_CLASS = YES_ERROR;
				CLANG_WARN_QUOTED_INCLUDE_IN_FRAMEWORK_HEADER = YES;
				CLANG_WARN_RANGE_LOOP_ANALYSIS = YES;
				CLANG_WARN_STRICT_PROTOTYPES = YES;
				CLANG_WARN_SUSPICIOUS_MOVE = YES;
				CLANG_WARN_UNGUARDED_AVAILABILITY = YES_AGGRESSIVE;
				CLANG_WARN_UNREACHABLE_CODE = YES;
				CLANG_WARN__DUPLICATE_METHOD_MATCH = YES;
				COPY_PHASE_STRIP = NO;
				DEBUG_INFORMATION_FORMAT = "dwarf-with-dsym";
				ENABLE_NS_ASSERTIONS = NO;
				ENABLE_STRICT_OBJC_MSGSEND = YES;
				GCC_C_LANGUAGE_STANDARD = gnu11;
				GCC_NO_COMMON_BLOCKS = NO;
				GCC_WARN_64_TO_32_BIT_CONVERSION = YES;
				GCC_WARN_ABOUT_RETURN_TYPE = YES_ERROR;
				GCC_WARN_UNDECLARED_SELECTOR = YES;
				GCC_WARN_UNINITIALIZED_AUTOS = YES_AGGRESSIVE;
				GCC_WARN_UNUSED_FUNCTION = YES;
				GCC_WARN_UNUSED_VARIABLE = YES;
				MACOSX_DEPLOYMENT_TARGET = 11.3;
				MTL_ENABLE_DEBUG_INFO = NO;
				MTL_FAST_MATH = YES;
				OTHER_LDFLAGS = "-C";
				SDKROOT = macosx;
			};
			name = Release;
		};
		4DE05F8227282D40002D3201 /* Debug */ = {
			isa = XCBuildConfiguration;
			buildSettings = {
				CODE_SIGN_STYLE = Automatic;
				DEVELOPMENT_TEAM = T24N5ZR2DS;
				ENABLE_HARDENED_RUNTIME = YES;
				PRODUCT_NAME = "$(TARGET_NAME)";
			};
			name = Debug;
		};
		4DE05F8327282D40002D3201 /* Release */ = {
			isa = XCBuildConfiguration;
			buildSettings = {
				CODE_SIGN_STYLE = Automatic;
				DEVELOPMENT_TEAM = T24N5ZR2DS;
				ENABLE_HARDENED_RUNTIME = YES;
				PRODUCT_NAME = "$(TARGET_NAME)";
			};
			name = Release;
		};
/* End XCBuildConfiguration section */

/* Begin XCConfigurationList section */
		4DE05F7527282D40002D3201 /* Build configuration list for PBXProject "week 9" */ = {
			isa = XCConfigurationList;
			buildConfigurations = (
				4DE05F7F27282D40002D3201 /* Debug */,
				4DE05F8027282D40002D3201 /* Release */,
			);
			defaultConfigurationIsVisible = 0;
			defaultConfigurationName = Release;
		};
		4DE05F8127282D40002D3201 /* Build configuration list for PBXNativeTarget "week 9" */ = {
			isa = XCConfigurationList;
			buildConfigurations = (
				4DE05F8227282D40002D3201 /* Debug */,
				4DE05F8327282D40002D3201 /* Release */,
			);
			defaultConfigurationIsVisible = 0;
			defaultConfigurationName = Release;
		};
/* End XCConfigurationList section */
	};
	rootObject = 4DE05F7227282D40002D3201 /* Project object */;
}
